
Microsoft Visual Studio Solution File, Format Version 12.00
# Visual Studio Version 17
VisualStudioVersion = 17.5.002.0
MinimumVisualStudioVersion = 10.0.40219.1
Project("{9A19103F-16F7-4668-BE54-9A1E7A4F7556}") = "attestation", "attestation.csproj", "{7DA63584-9378-410A-BD35-EE4936FBD699}"
EndProject
Global
	GlobalSection(SolutionConfigurationPlatforms) = preSolution
		Debug|Any CPU = Debug|Any CPU
		Release|Any CPU = Release|Any CPU
	EndGlobalSection
	GlobalSection(ProjectConfigurationPlatforms) = postSolution
		{7DA63584-9378-410A-BD35-EE4936FBD699}.Debug|Any CPU.ActiveCfg = Debug|Any CPU
		{7DA63584-9378-410A-BD35-EE4936FBD699}.Debug|Any CPU.Build.0 = Debug|Any CPU
		{7DA63584-9378-410A-BD35-EE4936FBD699}.Release|Any CPU.ActiveCfg = Release|Any CPU
		{7DA63584-9378-410A-BD35-EE4936FBD699}.Release|Any CPU.Build.0 = Release|Any CPU
	EndGlobalSection
	GlobalSection(SolutionProperties) = preSolution
		HideSolutionNode = FALSE
	EndGlobalSection
	GlobalSection(ExtensibilityGlobals) = postSolution
		SolutionGuid = {F0E77A59-ADFE-4674-B63D-6535EE8BFB36}
	EndGlobalSection
EndGlobal
